
Microsoft Visual Studio Solution File, Format Version 12.00
# Visual Studio Version 17
VisualStudioVersion = 17.2.32602.215
MinimumVisualStudioVersion = 10.0.40219.1
Project("{9A19103F-16F7-4668-BE54-9A1E7A4F7556}") = "SignalRChatWithDiffClient", "SignalRChatWithDiffClient\SignalRChatWithDiffClient.csproj", "{7E4CC599-3218-435F-9099-AB51825BAB78}"
EndProject
Project("{9A19103F-16F7-4668-BE54-9A1E7A4F7556}") = "Common", "Common\Common.csproj", "{0A8AB9EC-74AE-484C-860E-1A5E7E7C4DFC}"
EndProject
Project("{FAE04EC0-301F-11D3-BF4B-00C04F79EFBC}") = "WpfChatClient", "WpfChatClient\WpfChatClient.csproj", "{93F62B2F-42F0-4325-82FE-9A9616EF12C7}"
EndProject
Global
	GlobalSection(SolutionConfigurationPlatforms) = preSolution
		Debug|Any CPU = Debug|Any CPU
		Release|Any CPU = Release|Any CPU
	EndGlobalSection
	GlobalSection(ProjectConfigurationPlatforms) = postSolution
		{7E4CC599-3218-435F-9099-AB51825BAB78}.Debug|Any CPU.ActiveCfg = Debug|Any CPU
		{7E4CC599-3218-435F-9099-AB51825BAB78}.Debug|Any CPU.Build.0 = Debug|Any CPU
		{7E4CC599-3218-435F-9099-AB51825BAB78}.Release|Any CPU.ActiveCfg = Release|Any CPU
		{7E4CC599-3218-435F-9099-AB51825BAB78}.Release|Any CPU.Build.0 = Release|Any CPU
		{0A8AB9EC-74AE-484C-860E-1A5E7E7C4DFC}.Debug|Any CPU.ActiveCfg = Debug|Any CPU
		{0A8AB9EC-74AE-484C-860E-1A5E7E7C4DFC}.Debug|Any CPU.Build.0 = Debug|Any CPU
		{0A8AB9EC-74AE-484C-860E-1A5E7E7C4DFC}.Release|Any CPU.ActiveCfg = Release|Any CPU
		{0A8AB9EC-74AE-484C-860E-1A5E7E7C4DFC}.Release|Any CPU.Build.0 = Release|Any CPU
		{93F62B2F-42F0-4325-82FE-9A9616EF12C7}.Debug|Any CPU.ActiveCfg = Debug|Any CPU
		{93F62B2F-42F0-4325-82FE-9A9616EF12C7}.Debug|Any CPU.Build.0 = Debug|Any CPU
		{93F62B2F-42F0-4325-82FE-9A9616EF12C7}.Release|Any CPU.ActiveCfg = Release|Any CPU
		{93F62B2F-42F0-4325-82FE-9A9616EF12C7}.Release|Any CPU.Build.0 = Release|Any CPU
	EndGlobalSection
	GlobalSection(SolutionProperties) = preSolution
		HideSolutionNode = FALSE
	EndGlobalSection
	GlobalSection(ExtensibilityGlobals) = postSolution
		SolutionGuid = {77C4939E-6D6D-473A-BA44-1EBB572D9652}
	EndGlobalSection
EndGlobal
